
Microsoft Visual Studio Solution File, Format Version 12.00
# Visual Studio Version 17
VisualStudioVersion = 17.13.35818.85
MinimumVisualStudioVersion = 10.0.40219.1
Project("{FAE04EC0-301F-11D3-BF4B-00C04F79EFBC}") = "crypter", "crypter\crypter.csproj", "{26F65AD6-7EB5-4980-98F3-78F91FF32D7A}"
EndProject
Project("{FAE04EC0-301F-11D3-BF4B-00C04F79EFBC}") = "Decrypter", "Decrypter\Decrypter.csproj", "{54EDBB42-C8FF-4119-817B-BB71213695FC}"
EndProject
Global
	GlobalSection(SolutionConfigurationPlatforms) = preSolution
		Debug|Any CPU = Debug|Any CPU
		Release|Any CPU = Release|Any CPU
	EndGlobalSection
	GlobalSection(ProjectConfigurationPlatforms) = postSolution
		{26F65AD6-7EB5-4980-98F3-78F91FF32D7A}.Debug|Any CPU.ActiveCfg = Debug|Any CPU
		{26F65AD6-7EB5-4980-98F3-78F91FF32D7A}.Debug|Any CPU.Build.0 = Debug|Any CPU
		{26F65AD6-7EB5-4980-98F3-78F91FF32D7A}.Release|Any CPU.ActiveCfg = Release|Any CPU
		{26F65AD6-7EB5-4980-98F3-78F91FF32D7A}.Release|Any CPU.Build.0 = Release|Any CPU
		{54EDBB42-C8FF-4119-817B-BB71213695FC}.Debug|Any CPU.ActiveCfg = Debug|Any CPU
		{54EDBB42-C8FF-4119-817B-BB71213695FC}.Debug|Any CPU.Build.0 = Debug|Any CPU
		{54EDBB42-C8FF-4119-817B-BB71213695FC}.Release|Any CPU.ActiveCfg = Release|Any CPU
		{54EDBB42-C8FF-4119-817B-BB71213695FC}.Release|Any CPU.Build.0 = Release|Any CPU
	EndGlobalSection
	GlobalSection(SolutionProperties) = preSolution
		HideSolutionNode = FALSE
	EndGlobalSection
	GlobalSection(ExtensibilityGlobals) = postSolution
		SolutionGuid = {96757180-6694-409B-AEB7-26B7AC646E72}
	EndGlobalSection
EndGlobal
